{
  "name": "sending-mail-quest",
  "version": "1.0.0",
  "lockfileVersion": 3,
  "requires": true,
  "packages": {
    "": {
      "name": "sending-mail-quest",
      "version": "1.0.0",
      "license": "ISC",
      "dependencies": {
        "dotenv": "^16.3.1",
        "mailjet": "^0.0.1",
        "nodemailer": "^6.9.3"
      }
    },
    "node_modules/dotenv": {
      "version": "16.3.1",
      "resolved": "https://registry.npmjs.org/dotenv/-/dotenv-16.3.1.tgz",
      "integrity": "sha512-IPzF4w4/Rd94bA9imS68tZBaYyBWSCE47V1RGuMrB94iyTOIEwRmVL2x/4An+6mETpLrKJ5hQkB8W4kFAadeIQ==",
      "engines": {
        "node": ">=12"
      },
      "funding": {
        "url": "https://github.com/motdotla/dotenv?sponsor=1"
      }
    },
    "node_modules/mailjet": {
      "version": "0.0.1",
      "resolved": "https://registry.npmjs.org/mailjet/-/mailjet-0.0.1.tgz",
      "integrity": "sha512-OXUD5NcMzjFzB6R/PdlBjeTQARFfWtwkkj+r7CfRuwN8VqLdqHs0IIq90de15D/RjhxowxSVTg3Op6S1QLmRyg==",
      "deprecated": "Warning, this wrapper doesn't support the Mailjet v3 API. Please do not update to the next version. For more informations about your code migration, contact gbadi@mailjet.com",
      "engines": {
        "node": ">= 0.4.0"
      }
    },
    "node_modules/nodemailer": {
      "version": "6.9.3",
      "resolved": "https://registry.npmjs.org/nodemailer/-/nodemailer-6.9.3.tgz",
      "integrity": "sha512-fy9v3NgTzBngrMFkDsKEj0r02U7jm6XfC3b52eoNV+GCrGj+s8pt5OqhiJdWKuw51zCTdiNR/IUD1z33LIIGpg==",
      "engines": {
        "node": ">=6.0.0"
      }
    }
  }
}
